
Microsoft Visual Studio Solution File, Format Version 12.00
# Visual Studio Version 17
VisualStudioVersion = 17.8.34330.188
MinimumVisualStudioVersion = 10.0.40219.1
Project("{FAE04EC0-301F-11D3-BF4B-00C04F79EFBC}") = "FileMakerService", "FileMakerService\FileMakerService.csproj", "{1A983002-E75A-450E-AF5F-3D75F5166A7F}"
EndProject
Global
	GlobalSection(SolutionConfigurationPlatforms) = preSolution
		Debug|Any CPU = Debug|Any CPU
		Release|Any CPU = Release|Any CPU
	EndGlobalSection
	GlobalSection(ProjectConfigurationPlatforms) = postSolution
		{1A983002-E75A-450E-AF5F-3D75F5166A7F}.Debug|Any CPU.ActiveCfg = Debug|Any CPU
		{1A983002-E75A-450E-AF5F-3D75F5166A7F}.Debug|Any CPU.Build.0 = Debug|Any CPU
		{1A983002-E75A-450E-AF5F-3D75F5166A7F}.Release|Any CPU.ActiveCfg = Release|Any CPU
		{1A983002-E75A-450E-AF5F-3D75F5166A7F}.Release|Any CPU.Build.0 = Release|Any CPU
	EndGlobalSection
	GlobalSection(SolutionProperties) = preSolution
		HideSolutionNode = FALSE
	EndGlobalSection
	GlobalSection(ExtensibilityGlobals) = postSolution
		SolutionGuid = {022A291A-D800-4F31-81EF-9F58BAD22FF3}
	EndGlobalSection
EndGlobal
